
Microsoft Visual Studio Solution File, Format Version 12.00
# Visual Studio Version 17
VisualStudioVersion = 17.0.31903.59
MinimumVisualStudioVersion = 10.0.40219.1
Project("{2150E333-8FDC-42A3-9474-1A3956D46DE8}") = "dotnet", "dotnet", "{8273D974-2ABD-4EE5-99AF-59D65E740270}"
EndProject
Project("{FAE04EC0-301F-11D3-BF4B-00C04F79EFBC}") = "app", "dotnet\app\app.csproj", "{A940A207-84D2-4A19-A88F-0A6B191399CA}"
EndProject
Global
	GlobalSection(SolutionConfigurationPlatforms) = preSolution
		Debug|Any CPU = Debug|Any CPU
		Release|Any CPU = Release|Any CPU
	EndGlobalSection
	GlobalSection(SolutionProperties) = preSolution
		HideSolutionNode = FALSE
	EndGlobalSection
	GlobalSection(ProjectConfigurationPlatforms) = postSolution
		{A940A207-84D2-4A19-A88F-0A6B191399CA}.Debug|Any CPU.ActiveCfg = Debug|Any CPU
		{A940A207-84D2-4A19-A88F-0A6B191399CA}.Debug|Any CPU.Build.0 = Debug|Any CPU
		{A940A207-84D2-4A19-A88F-0A6B191399CA}.Release|Any CPU.ActiveCfg = Release|Any CPU
		{A940A207-84D2-4A19-A88F-0A6B191399CA}.Release|Any CPU.Build.0 = Release|Any CPU
	EndGlobalSection
	GlobalSection(NestedProjects) = preSolution
		{A940A207-84D2-4A19-A88F-0A6B191399CA} = {8273D974-2ABD-4EE5-99AF-59D65E740270}
	EndGlobalSection
EndGlobal
